
Microsoft Visual Studio Solution File, Format Version 12.00
# Visual Studio 15
VisualStudioVersion = 15.0.28307.1082
MinimumVisualStudioVersion = 10.0.40219.1
Project("{8BC9CEB8-8B4A-11D0-8D11-00A0C91BC942}") = "windows-kernel-pagehook", "windows-kernel-pagehook\windows-kernel-pagehook.vcxproj", "{DE4170F2-A133-4F83-BAFD-2981F3BD40B4}"
EndProject
Global
	GlobalSection(SolutionConfigurationPlatforms) = preSolution
		Debug|ARM = Debug|ARM
		Debug|ARM64 = Debug|ARM64
		Debug|x64 = Debug|x64
		Debug|x86 = Debug|x86
		Release|ARM = Release|ARM
		Release|ARM64 = Release|ARM64
		Release|x64 = Release|x64
		Release|x86 = Release|x86
	EndGlobalSection
	GlobalSection(ProjectConfigurationPlatforms) = postSolution
		{DE4170F2-A133-4F83-BAFD-2981F3BD40B4}.Debug|ARM.ActiveCfg = Debug|ARM
		{DE4170F2-A133-4F83-BAFD-2981F3BD40B4}.Debug|ARM.Build.0 = Debug|ARM
		{DE4170F2-A133-4F83-BAFD-2981F3BD40B4}.Debug|ARM.Deploy.0 = Debug|ARM
		{DE4170F2-A133-4F83-BAFD-2981F3BD40B4}.Debug|ARM64.ActiveCfg = Debug|ARM64
		{DE4170F2-A133-4F83-BAFD-2981F3BD40B4}.Debug|ARM64.Build.0 = Debug|ARM64
		{DE4170F2-A133-4F83-BAFD-2981F3BD40B4}.Debug|ARM64.Deploy.0 = Debug|ARM64
		{DE4170F2-A133-4F83-BAFD-2981F3BD40B4}.Debug|x64.ActiveCfg = Debug|x64
		{DE4170F2-A133-4F83-BAFD-2981F3BD40B4}.Debug|x64.Build.0 = Debug|x64
		{DE4170F2-A133-4F83-BAFD-2981F3BD40B4}.Debug|x64.Deploy.0 = Debug|x64
		{DE4170F2-A133-4F83-BAFD-2981F3BD40B4}.Debug|x86.ActiveCfg = Debug|Win32
		{DE4170F2-A133-4F83-BAFD-2981F3BD40B4}.Debug|x86.Build.0 = Debug|Win32
		{DE4170F2-A133-4F83-BAFD-2981F3BD40B4}.Debug|x86.Deploy.0 = Debug|Win32
		{DE4170F2-A133-4F83-BAFD-2981F3BD40B4}.Release|ARM.ActiveCfg = Release|ARM
		{DE4170F2-A133-4F83-BAFD-2981F3BD40B4}.Release|ARM.Build.0 = Release|ARM
		{DE4170F2-A133-4F83-BAFD-2981F3BD40B4}.Release|ARM.Deploy.0 = Release|ARM
		{DE4170F2-A133-4F83-BAFD-2981F3BD40B4}.Release|ARM64.ActiveCfg = Release|ARM64
		{DE4170F2-A133-4F83-BAFD-2981F3BD40B4}.Release|ARM64.Build.0 = Release|ARM64
		{DE4170F2-A133-4F83-BAFD-2981F3BD40B4}.Release|ARM64.Deploy.0 = Release|ARM64
		{DE4170F2-A133-4F83-BAFD-2981F3BD40B4}.Release|x64.ActiveCfg = Release|x64
		{DE4170F2-A133-4F83-BAFD-2981F3BD40B4}.Release|x64.Build.0 = Release|x64
		{DE4170F2-A133-4F83-BAFD-2981F3BD40B4}.Release|x64.Deploy.0 = Release|x64
		{DE4170F2-A133-4F83-BAFD-2981F3BD40B4}.Release|x86.ActiveCfg = Release|Win32
		{DE4170F2-A133-4F83-BAFD-2981F3BD40B4}.Release|x86.Build.0 = Release|Win32
		{DE4170F2-A133-4F83-BAFD-2981F3BD40B4}.Release|x86.Deploy.0 = Release|Win32
	EndGlobalSection
	GlobalSection(SolutionProperties) = preSolution
		HideSolutionNode = FALSE
	EndGlobalSection
	GlobalSection(ExtensibilityGlobals) = postSolution
		SolutionGuid = {33E0283A-259E-4350-8BB3-2E79D0B83DCD}
	EndGlobalSection
EndGlobal
